Microsoft Visual Studio Solution File, Format Version 12.00
# Visual Studio Version 17
VisualStudioVersion = 17.5.2.0
MinimumVisualStudioVersion = 10.0.40219.1
Project("{FAE04EC0-301F-11D3-BF4B-00C04F79EFBC}") = "Better Pot Fusion", "Better Pot Fusion.csproj", "{76E3521F-630C-0E3C-2ABA-A228801FE819}"
EndProject
Global
	GlobalSection(SolutionConfigurationPlatforms) = preSolution
		Debug|Any CPU = Debug|Any CPU
		Release|Any CPU = Release|Any CPU
	EndGlobalSection
	GlobalSection(ProjectConfigurationPlatforms) = postSolution
		{76E3521F-630C-0E3C-2ABA-A228801FE819}.Debug|Any CPU.ActiveCfg = Debug|Any CPU
		{76E3521F-630C-0E3C-2ABA-A228801FE819}.Debug|Any CPU.Build.0 = Debug|Any CPU
		{76E3521F-630C-0E3C-2ABA-A228801FE819}.Release|Any CPU.ActiveCfg = Release|Any CPU
		{76E3521F-630C-0E3C-2ABA-A228801FE819}.Release|Any CPU.Build.0 = Release|Any CPU
	EndGlobalSection
	GlobalSection(SolutionProperties) = preSolution
		HideSolutionNode = FALSE
	EndGlobalSection
	GlobalSection(ExtensibilityGlobals) = postSolution
		SolutionGuid = {3F60DFEA-9510-4299-989E-102900339D9D}
	EndGlobalSection
EndGlobal
